{
  "name": "default",
  "version": "1.0.0",
  "lockfileVersion": 1,
  "requires": true,
  "dependencies": {
    "@types/lodash": {
      "version": "3.10.1",
      "resolved": "http://npm.zhenguanyu.com/@types/lodash/download/@types/lodash-3.10.1.tgz",
      "integrity": "sha1-74yMNWSfB4hOD7d2OyS6r34XXDY="
    },
    "@types/node": {
      "version": "14.11.8",
      "resolved": "http://npm.zhenguanyu.com/@types/node/download/@types/node-14.11.8.tgz",
      "integrity": "sha1-/iAS8jVeTOCLykSus6u7Ic+I0z8="
    },
    "@types/screeps": {
      "version": "3.2.1",
      "resolved": "http://npm.zhenguanyu.com/@types/screeps/download/@types/screeps-3.2.1.tgz",
      "integrity": "sha1-4TH52i1AHPejFO3m7b7j+4U1QWI="
    }
  }
}
